
Microsoft Visual Studio Solution File, Format Version 12.00
# Visual Studio Version 16
VisualStudioVersion = 16.0.29519.181
MinimumVisualStudioVersion = 10.0.40219.1
Project("{9A19103F-16F7-4668-BE54-9A1E7A4F7556}") = "SudokuSolver", "SudokuSolver\SudokuSolver.csproj", "{199A1747-CD35-4071-8613-52C005310390}"
EndProject
Project("{9A19103F-16F7-4668-BE54-9A1E7A4F7556}") = "SimpleTest", "SimpleTest\SimpleTest.csproj", "{0A0252BF-E949-42B7-A83A-92A34E60DD93}"
EndProject
Project("{9A19103F-16F7-4668-BE54-9A1E7A4F7556}") = "SudokuGrabber", "Solver\SudokuGrabber.csproj", "{AC90C18C-97CA-436F-B129-6561CACE4ECB}"
EndProject
Project("{9A19103F-16F7-4668-BE54-9A1E7A4F7556}") = "Tests", "Tests\Tests.csproj", "{27D870B7-65B5-4533-B038-75D00E7623B1}"
EndProject
Project("{FAE04EC0-301F-11D3-BF4B-00C04F79EFBC}") = "UnitTests", "UnitTests\UnitTests.csproj", "{3B15D17E-0500-43F9-A9E6-49830D5FF225}"
EndProject
Project("{FAE04EC0-301F-11D3-BF4B-00C04F79EFBC}") = "IntegrationTests", "IntegrationTests\IntegrationTests.csproj", "{AAC2F23C-23AA-4D9D-AB34-994F9D5CCD17}"
EndProject
Global
	GlobalSection(SolutionConfigurationPlatforms) = preSolution
		Debug|Any CPU = Debug|Any CPU
		Release|Any CPU = Release|Any CPU
	EndGlobalSection
	GlobalSection(ProjectConfigurationPlatforms) = postSolution
		{199A1747-CD35-4071-8613-52C005310390}.Debug|Any CPU.ActiveCfg = Debug|Any CPU
		{199A1747-CD35-4071-8613-52C005310390}.Debug|Any CPU.Build.0 = Debug|Any CPU
		{199A1747-CD35-4071-8613-52C005310390}.Release|Any CPU.ActiveCfg = Release|Any CPU
		{199A1747-CD35-4071-8613-52C005310390}.Release|Any CPU.Build.0 = Release|Any CPU
		{0A0252BF-E949-42B7-A83A-92A34E60DD93}.Debug|Any CPU.ActiveCfg = Debug|Any CPU
		{0A0252BF-E949-42B7-A83A-92A34E60DD93}.Debug|Any CPU.Build.0 = Debug|Any CPU
		{0A0252BF-E949-42B7-A83A-92A34E60DD93}.Release|Any CPU.ActiveCfg = Release|Any CPU
		{0A0252BF-E949-42B7-A83A-92A34E60DD93}.Release|Any CPU.Build.0 = Release|Any CPU
		{AC90C18C-97CA-436F-B129-6561CACE4ECB}.Debug|Any CPU.ActiveCfg = Debug|Any CPU
		{AC90C18C-97CA-436F-B129-6561CACE4ECB}.Debug|Any CPU.Build.0 = Debug|Any CPU
		{AC90C18C-97CA-436F-B129-6561CACE4ECB}.Release|Any CPU.ActiveCfg = Release|Any CPU
		{AC90C18C-97CA-436F-B129-6561CACE4ECB}.Release|Any CPU.Build.0 = Release|Any CPU
		{27D870B7-65B5-4533-B038-75D00E7623B1}.Debug|Any CPU.ActiveCfg = Debug|Any CPU
		{27D870B7-65B5-4533-B038-75D00E7623B1}.Debug|Any CPU.Build.0 = Debug|Any CPU
		{27D870B7-65B5-4533-B038-75D00E7623B1}.Release|Any CPU.ActiveCfg = Release|Any CPU
		{27D870B7-65B5-4533-B038-75D00E7623B1}.Release|Any CPU.Build.0 = Release|Any CPU
		{AAC2F23C-23AA-4D9D-AB34-994F9D5CCD17}.Debug|Any CPU.ActiveCfg = Debug|Any CPU
		{AAC2F23C-23AA-4D9D-AB34-994F9D5CCD17}.Debug|Any CPU.Build.0 = Debug|Any CPU
		{3B15D17E-0500-43F9-A9E6-49830D5FF225}.Debug|Any CPU.ActiveCfg = Debug|Any CPU
		{3B15D17E-0500-43F9-A9E6-49830D5FF225}.Debug|Any CPU.Build.0 = Debug|Any CPU
	EndGlobalSection
	GlobalSection(SolutionProperties) = preSolution
		HideSolutionNode = FALSE
	EndGlobalSection
	GlobalSection(ExtensibilityGlobals) = postSolution
		SolutionGuid = {5C5F7F35-205C-4C40-BCC0-420340F588C2}
	EndGlobalSection
EndGlobal
